<?xml version="1.0" encoding="utf-8"?>
<Project ToolsVersion="4.0" xmlns="http://schemas.microsoft.com/developer/msbuild/2003">
  <ItemGroup>
    <Filter Include="Fichiers sources">
      <UniqueIdentifier>{4FC737F1-C7A5-4376-A066-2A32D752A2FF}</UniqueIdentifier>
      <Extensions>cpp;c;cc;cxx;c++;cppm;ixx;def;odl;idl;hpj;bat;asm;asmx</Extensions>
    </Filter>
    <Filter Include="Fichiers d%27en-tête">
      <UniqueIdentifier>{93995380-89BD-4b04-88EB-625FBE52EBFB}</UniqueIdentifier>
      <Extensions>h;hh;hpp;hxx;h++;hm;inl;inc;ipp;xsd</Extensions>
    </Filter>
    <Filter Include="Fichiers de ressources">
      <UniqueIdentifier>{67DA6AB6-F800-4c08-8B7A-83BB121AAD01}</UniqueIdentifier>
      <Extensions>rc;ico;cur;bmp;dlg;rc2;rct;bin;rgs;gif;jpg;jpeg;jpe;resx;tiff;tif;png;wav;mfcribbon-ms</Extensions>
    </Filter>
    <Filter Include="Map">
      <UniqueIdentifier>{691ac3ae-8e1d-4dae-9357-e8200d324e15}</UniqueIdentifier>
    </Filter>
    <Filter Include="A%2a">
      <UniqueIdentifier>{d71b5c5e-9a11-4845-8088-6cbb72c0e2b9}</UniqueIdentifier>
    </Filter>
    <Filter Include="Dwarf">
      <UniqueIdentifier>{61206963-44ee-4999-b222-e0601f057f3e}</UniqueIdentifier>
    </Filter>
    <Filter Include="Tool">
      <UniqueIdentifier>{7182b249-ffca-43e3-b476-87e8763ad71f}</UniqueIdentifier>
    </Filter>
    <Filter Include="Menu">
      <UniqueIdentifier>{eed4892a-c6fe-4b36-8a46-7220f60020fe}</UniqueIdentifier>
    </Filter>
    <Filter Include="Colony">
      <UniqueIdentifier>{e7a97f7c-792b-432e-8643-1dad2ca63fc8}</UniqueIdentifier>
    </Filter>
    <Filter Include="Enemy">
      <UniqueIdentifier>{7b202760-9774-4ea1-9be9-d3253e248514}</UniqueIdentifier>
    </Filter>
    <Filter Include="Game">
      <UniqueIdentifier>{90fcf754-9583-4988-9093-8d7fe00dda54}</UniqueIdentifier>
    </Filter>
  </ItemGroup>
  <ItemGroup>
    <ClCompile Include="Main.cpp">
      <Filter>Fichiers sources</Filter>
    </ClCompile>
    <ClCompile Include="Map.cpp">
      <Filter>Map</Filter>
    </ClCompile>
    <ClCompile Include="AStar.cpp">
      <Filter>A%2a</Filter>
    </ClCompile>
    <ClCompile Include="Dwarf.cpp">
      <Filter>Dwarf</Filter>
    </ClCompile>
    <ClCompile Include="Tool.cpp">
      <Filter>Tool</Filter>
    </ClCompile>
    <ClCompile Include="Menu.cpp">
      <Filter>Menu</Filter>
    </ClCompile>
    <ClCompile Include="Colony.cpp">
      <Filter>Colony</Filter>
    </ClCompile>
    <ClCompile Include="Enemy.cpp">
      <Filter>Enemy</Filter>
    </ClCompile>
    <ClCompile Include="Giant.cpp">
      <Filter>Enemy</Filter>
    </ClCompile>
    <ClCompile Include="Orca.cpp">
      <Filter>Enemy</Filter>
    </ClCompile>
    <ClCompile Include="Game.cpp">
      <Filter>Game</Filter>
    </ClCompile>
  </ItemGroup>
  <ItemGroup>
    <ClInclude Include="Macro.h">
      <Filter>Fichiers de ressources</Filter>
    </ClInclude>
    <ClInclude Include="Map.h">
      <Filter>Map</Filter>
    </ClInclude>
    <ClInclude Include="AStar.h">
      <Filter>A%2a</Filter>
    </ClInclude>
    <ClInclude Include="Random.h">
      <Filter>Fichiers de ressources</Filter>
    </ClInclude>
    <ClInclude Include="Color.h">
      <Filter>Fichiers de ressources</Filter>
    </ClInclude>
    <ClInclude Include="Dwarf.h">
      <Filter>Dwarf</Filter>
    </ClInclude>
    <ClInclude Include="Tool.h">
      <Filter>Tool</Filter>
    </ClInclude>
    <ClInclude Include="Position.h">
      <Filter>Fichiers de ressources</Filter>
    </ClInclude>
    <ClInclude Include="TileType.h">
      <Filter>Fichiers de ressources</Filter>
    </ClInclude>
    <ClInclude Include="Menu.h">
      <Filter>Menu</Filter>
    </ClInclude>
    <ClInclude Include="Colony.h">
      <Filter>Colony</Filter>
    </ClInclude>
    <ClInclude Include="Enemy.h">
      <Filter>Enemy</Filter>
    </ClInclude>
    <ClInclude Include="Giant.h">
      <Filter>Enemy</Filter>
    </ClInclude>
    <ClInclude Include="Orca.h">
      <Filter>Enemy</Filter>
    </ClInclude>
    <ClInclude Include="Game.h">
      <Filter>Game</Filter>
    </ClInclude>
  </ItemGroup>
</Project>